
Microsoft Visual Studio Solution File, Format Version 12.00
# Blend for Visual Studio Version 16
VisualStudioVersion = 16.0.32510.428
MinimumVisualStudioVersion = 10.0.40219.1
Project("{FAE04EC0-301F-11D3-BF4B-00C04F79EFBC}") = "ButtonStyle-TrumpX", "ButtonStyle-TrumpX\ButtonStyle-TrumpX.csproj", "{EB6D65D8-D76C-461C-8EE3-FF834F04C721}"
EndProject
Global
	GlobalSection(SolutionConfigurationPlatforms) = preSolution
		Debug|Any CPU = Debug|Any CPU
		Release|Any CPU = Release|Any CPU
	EndGlobalSection
	GlobalSection(ProjectConfigurationPlatforms) = postSolution
		{EB6D65D8-D76C-461C-8EE3-FF834F04C721}.Debug|Any CPU.ActiveCfg = Debug|Any CPU
		{EB6D65D8-D76C-461C-8EE3-FF834F04C721}.Debug|Any CPU.Build.0 = Debug|Any CPU
		{EB6D65D8-D76C-461C-8EE3-FF834F04C721}.Release|Any CPU.ActiveCfg = Release|Any CPU
		{EB6D65D8-D76C-461C-8EE3-FF834F04C721}.Release|Any CPU.Build.0 = Release|Any CPU
	EndGlobalSection
	GlobalSection(SolutionProperties) = preSolution
		HideSolutionNode = FALSE
	EndGlobalSection
	GlobalSection(ExtensibilityGlobals) = postSolution
		SolutionGuid = {95391A46-B165-45BF-A4FE-A624E318B92F}
	EndGlobalSection
EndGlobal
